
Microsoft Visual Studio Solution File, Format Version 12.00
# Visual Studio Version 17
VisualStudioVersion = 17.3.32901.215
MinimumVisualStudioVersion = 10.0.40219.1
Project("{FAE04EC0-301F-11D3-BF4B-00C04F79EFBC}") = "ZekatHesapla 1", "ZekatHesapla 1\ZekatHesapla 1.csproj", "{3C003893-EEE1-43FC-A244-27747C234A87}"
EndProject
Global
	GlobalSection(SolutionConfigurationPlatforms) = preSolution
		Debug|Any CPU = Debug|Any CPU
		Release|Any CPU = Release|Any CPU
	EndGlobalSection
	GlobalSection(ProjectConfigurationPlatforms) = postSolution
		{3C003893-EEE1-43FC-A244-27747C234A87}.Debug|Any CPU.ActiveCfg = Debug|Any CPU
		{3C003893-EEE1-43FC-A244-27747C234A87}.Debug|Any CPU.Build.0 = Debug|Any CPU
		{3C003893-EEE1-43FC-A244-27747C234A87}.Release|Any CPU.ActiveCfg = Release|Any CPU
		{3C003893-EEE1-43FC-A244-27747C234A87}.Release|Any CPU.Build.0 = Release|Any CPU
	EndGlobalSection
	GlobalSection(SolutionProperties) = preSolution
		HideSolutionNode = FALSE
	EndGlobalSection
	GlobalSection(ExtensibilityGlobals) = postSolution
		SolutionGuid = {DE7D3468-E7C7-4B8D-BB5D-E05663C0A062}
	EndGlobalSection
EndGlobal
